// !$*UTF8*$!
{
	archiveVersion = 1;
	classes = {
	};
	objectVersion = 50;
	objects = {

/* Begin PBXBuildFile section */
		66E71F1528B46640915ADD94 /* Pods_ImagesGH.framework in Frameworks */ = {isa = PBXBuildFile; fileRef = 8C607D7CCE8F400A8AE400DA /* Pods_ImagesGH.framework */; };
		BA6640F920AD21D800014E65 /* AppDelegate.swift in Sources */ = {isa = PBXBuildFile; fileRef = BA6640F820AD21D800014E65 /* AppDelegate.swift */; };
		BA6640FB20AD21D800014E65 /* ViewController.swift in Sources */ = {isa = PBXBuildFile; fileRef = BA6640FA20AD21D800014E65 /* ViewController.swift */; };
		BA6640FE20AD21D800014E65 /* Main.storyboard in Resources */ = {isa = PBXBuildFile; fileRef = BA6640FC20AD21D800014E65 /* Main.storyboard */; };
		BA66410020AD21D800014E65 /* Assets.xcassets in Resources */ = {isa = PBXBuildFile; fileRef = BA6640FF20AD21D800014E65 /* Assets.xcassets */; };
		BA66410320AD21D800014E65 /* LaunchScreen.storyboard in Resources */ = {isa = PBXBuildFile; fileRef = BA66410120AD21D800014E65 /* LaunchScreen.storyboard */; };
		BA66410B20AD236700014E65 /* ViewModel.swift in Sources */ = {isa = PBXBuildFile; fileRef = BA66410A20AD236700014E65 /* ViewModel.swift */; };
		BA66410D20AD23E200014E65 /* Repository.swift in Sources */ = {isa = PBXBuildFile; fileRef = BA66410C20AD23E200014E65 /* Repository.swift */; };
/* End PBXBuildFile section */

/* Begin PBXFileReference section */
		8A18149D161A883561E12601 /* Pods-ImagesGH.release.xcconfig */ = {isa = PBXFileReference; includeInIndex = 1; lastKnownFileType = text.xcconfig; name = "Pods-ImagesGH.release.xcconfig"; path = "Pods/Target Support Files/Pods-ImagesGH/Pods-ImagesGH.release.xcconfig"; sourceTree = "<group>"; };
		8C607D7CCE8F400A8AE400DA /* Pods_ImagesGH.framework */ = {isa = PBXFileReference; explicitFileType = wrapper.framework; includeInIndex = 0; path = Pods_ImagesGH.framework; sourceTree = BUILT_PRODUCTS_DIR; };
		B45C7E9CFEC62DCE3A77347E /* Pods-ImagesGH.debug.xcconfig */ = {isa = PBXFileReference; includeInIndex = 1; lastKnownFileType = text.xcconfig; name = "Pods-ImagesGH.debug.xcconfig"; path = "Pods/Target Support Files/Pods-ImagesGH/Pods-ImagesGH.debug.xcconfig"; sourceTree = "<group>"; };
		BA6640F520AD21D800014E65 /* ImagesGH.app */ = {isa = PBXFileReference; explicitFileType = wrapper.application; includeInIndex = 0; path = ImagesGH.app; sourceTree = BUILT_PRODUCTS_DIR; };
		BA6640F820AD21D800014E65 /* AppDelegate.swift */ = {isa = PBXFileReference; lastKnownFileType = sourcecode.swift; path = AppDelegate.swift; sourceTree = "<group>"; };
		BA6640FA20AD21D800014E65 /* ViewController.swift */ = {isa = PBXFileReference; lastKnownFileType = sourcecode.swift; path = ViewController.swift; sourceTree = "<group>"; };
		BA6640FD20AD21D800014E65 /* Base */ = {isa = PBXFileReference; lastKnownFileType = file.storyboard; name = Base; path = Base.lproj/Main.storyboard; sourceTree = "<group>"; };
		BA6640FF20AD21D800014E65 /* Assets.xcassets */ = {isa = PBXFileReference; lastKnownFileType = folder.assetcatalog; path = Assets.xcassets; sourceTree = "<group>"; };
		BA66410220AD21D800014E65 /* Base */ = {isa = PBXFileReference; lastKnownFileType = file.storyboard; name = Base; path = Base.lproj/LaunchScreen.storyboard; sourceTree = "<group>"; };
		BA66410420AD21D800014E65 /* Info.plist */ = {isa = PBXFileReference; lastKnownFileType = text.plist.xml; path = Info.plist; sourceTree = "<group>"; };
		BA66410A20AD236700014E65 /* ViewModel.swift */ = {isa = PBXFileReference; lastKnownFileType = sourcecode.swift; path = ViewModel.swift; sourceTree = "<group>"; };
		BA66410C20AD23E200014E65 /* Repository.swift */ = {isa = PBXFileReference; lastKnownFileType = sourcecode.swift; path = Repository.swift; sourceTree = "<group>"; };
/* End PBXFileReference section */

/* Begin PBXFrameworksBuildPhase section */
		BA6640F220AD21D800014E65 /* Frameworks */ = {
			isa = PBXFrameworksBuildPhase;
			buildActionMask = 2147483647;
			files = (
				66E71F1528B46640915ADD94 /* Pods_ImagesGH.framework in Frameworks */,
			);
			runOnlyForDeploymentPostprocessing = 0;
		};
/* End PBXFrameworksBuildPhase section */

/* Begin PBXGroup section */
		7C976B56B955C07AE611CF42 /* Frameworks */ = {
			isa = PBXGroup;
			children = (
				8C607D7CCE8F400A8AE400DA /* Pods_ImagesGH.framework */,
			);
			name = Frameworks;
			sourceTree = "<group>";
		};
		BA6640EC20AD21D700014E65 = {
			isa = PBXGroup;
			children = (
				BA6640F720AD21D800014E65 /* ImagesGH */,
				BA6640F620AD21D800014E65 /* Products */,
				F15CD36906516381FBE1C25C /* Pods */,
				7C976B56B955C07AE611CF42 /* Frameworks */,
			);
			sourceTree = "<group>";
		};
		BA6640F620AD21D800014E65 /* Products */ = {
			isa = PBXGroup;
			children = (
				BA6640F520AD21D800014E65 /* ImagesGH.app */,
			);
			name = Products;
			sourceTree = "<group>";
		};
		BA6640F720AD21D800014E65 /* ImagesGH */ = {
			isa = PBXGroup;
			children = (
				BA6640F820AD21D800014E65 /* AppDelegate.swift */,
				BA6640FA20AD21D800014E65 /* ViewController.swift */,
				BA6640FC20AD21D800014E65 /* Main.storyboard */,
				BA6640FF20AD21D800014E65 /* Assets.xcassets */,
				BA66410120AD21D800014E65 /* LaunchScreen.storyboard */,
				BA66410420AD21D800014E65 /* Info.plist */,
				BA66410A20AD236700014E65 /* ViewModel.swift */,
				BA66410C20AD23E200014E65 /* Repository.swift */,
			);
			path = ImagesGH;
			sourceTree = "<group>";
		};
		F15CD36906516381FBE1C25C /* Pods */ = {
			isa = PBXGroup;
			children = (
				B45C7E9CFEC62DCE3A77347E /* Pods-ImagesGH.debug.xcconfig */,
				8A18149D161A883561E12601 /* Pods-ImagesGH.release.xcconfig */,
			);
			name = Pods;
			sourceTree = "<group>";
		};
/* End PBXGroup section */

/* Begin PBXNativeTarget section */
		BA6640F420AD21D800014E65 /* ImagesGH */ = {
			isa = PBXNativeTarget;
			buildConfigurationList = BA66410720AD21D800014E65 /* Build configuration list for PBXNativeTarget "ImagesGH" */;
			buildPhases = (
				90B5C911FEDDC6EDEB0FFB9E /* [CP] Check Pods Manifest.lock */,
				BA6640F120AD21D800014E65 /* Sources */,
				BA6640F220AD21D800014E65 /* Frameworks */,
				BA6640F320AD21D800014E65 /* Resources */,
				B857391A77658EC6E11C0D02 /* [CP] Embed Pods Frameworks */,
			);
			buildRules = (
			);
			dependencies = (
			);
			name = ImagesGH;
			productName = ImagesGH;
			productReference = BA6640F520AD21D800014E65 /* ImagesGH.app */;
			productType = "com.apple.product-type.application";
		};
/* End PBXNativeTarget section */

/* Begin PBXProject section */
		BA6640ED20AD21D700014E65 /* Project object */ = {
			isa = PBXProject;
			attributes = {
				LastSwiftUpdateCheck = 0930;
				LastUpgradeCheck = 0930;
				ORGANIZATIONNAME = "Gary Zamorano";
				TargetAttributes = {
					BA6640F420AD21D800014E65 = {
						CreatedOnToolsVersion = 9.3.1;
					};
				};
			};
			buildConfigurationList = BA6640F020AD21D700014E65 /* Build configuration list for PBXProject "ImagesGH" */;
			compatibilityVersion = "Xcode 9.3";
			developmentRegion = en;
			hasScannedForEncodings = 0;
			knownRegions = (
				en,
				Base,
			);
			mainGroup = BA6640EC20AD21D700014E65;
			productRefGroup = BA6640F620AD21D800014E65 /* Products */;
			projectDirPath = "";
			projectRoot = "";
			targets = (
				BA6640F420AD21D800014E65 /* ImagesGH */,
			);
		};
/* End PBXProject section */

/* Begin PBXResourcesBuildPhase section */
		BA6640F320AD21D800014E65 /* Resources */ = {
			isa = PBXResourcesBuildPhase;
			buildActionMask = 2147483647;
			files = (
				BA66410320AD21D800014E65 /* LaunchScreen.storyboard in Resources */,
				BA66410020AD21D800014E65 /* Assets.xcassets in Resources */,
				BA6640FE20AD21D800014E65 /* Main.storyboard in Resources */,
			);
			runOnlyForDeploymentPostprocessing = 0;
		};
/* End PBXResourcesBuildPhase section */

/* Begin PBXShellScriptBuildPhase section */
		90B5C911FEDDC6EDEB0FFB9E /* [CP] Check Pods Manifest.lock */ = {
			isa = PBXShellScriptBuildPhase;
			buildActionMask = 2147483647;
			files = (
			);
			inputPaths = (
				"${PODS_PODFILE_DIR_PATH}/Podfile.lock",
				"${PODS_ROOT}/Manifest.lock",
			);
			name = "[CP] Check Pods Manifest.lock";
			outputPaths = (
				"$(DERIVED_FILE_DIR)/Pods-ImagesGH-checkManifestLockResult.txt",
			);
			runOnlyForDeploymentPostprocessing = 0;
			shellPath = /bin/sh;
			shellScript = "diff \"${PODS_PODFILE_DIR_PATH}/Podfile.lock\" \"${PODS_ROOT}/Manifest.lock\" > /dev/null\nif [ $? != 0 ] ; then\n    # print error to STDERR\n    echo \"error: The sandbox is not in sync with the Podfile.lock. Run 'pod install' or update your CocoaPods installation.\" >&2\n    exit 1\nfi\n# This output is used by Xcode 'outputs' to avoid re-running this script phase.\necho \"SUCCESS\" > \"${SCRIPT_OUTPUT_FILE_0}\"\n";
			showEnvVarsInLog = 0;
		};
		B857391A77658EC6E11C0D02 /* [CP] Embed Pods Frameworks */ = {
			isa = PBXShellScriptBuildPhase;
			buildActionMask = 2147483647;
			files = (
			);
			inputPaths = (
				"${SRCROOT}/Pods/Target Support Files/Pods-ImagesGH/Pods-ImagesGH-frameworks.sh",
				"${BUILT_PRODUCTS_DIR}/RxCocoa/RxCocoa.framework",
				"${BUILT_PRODUCTS_DIR}/RxSwift/RxSwift.framework",
			);
			name = "[CP] Embed Pods Frameworks";
			outputPaths = (
				"${TARGET_BUILD_DIR}/${FRAMEWORKS_FOLDER_PATH}/RxCocoa.framework",
				"${TARGET_BUILD_DIR}/${FRAMEWORKS_FOLDER_PATH}/RxSwift.framework",
			);
			runOnlyForDeploymentPostprocessing = 0;
			shellPath = /bin/sh;
			shellScript = "\"${SRCROOT}/Pods/Target Support Files/Pods-ImagesGH/Pods-ImagesGH-frameworks.sh\"\n";
			showEnvVarsInLog = 0;
		};
/* End PBXShellScriptBuildPhase section */

/* Begin PBXSourcesBuildPhase section */
		BA6640F120AD21D800014E65 /* Sources */ = {
			isa = PBXSourcesBuildPhase;
			buildActionMask = 2147483647;
			files = (
				BA6640FB20AD21D800014E65 /* ViewController.swift in Sources */,
				BA66410B20AD236700014E65 /* ViewModel.swift in Sources */,
				BA6640F920AD21D800014E65 /* AppDelegate.swift in Sources */,
				BA66410D20AD23E200014E65 /* Repository.swift in Sources */,
			);
			runOnlyForDeploymentPostprocessing = 0;
		};
/* End PBXSourcesBuildPhase section */

/* Begin PBXVariantGroup section */
		BA6640FC20AD21D800014E65 /* Main.storyboard */ = {
			isa = PBXVariantGroup;
			children = (
				BA6640FD20AD21D800014E65 /* Base */,
			);
			name = Main.storyboard;
			sourceTree = "<group>";
		};
		BA66410120AD21D800014E65 /* LaunchScreen.storyboard */ = {
			isa = PBXVariantGroup;
			children = (
				BA66410220AD21D800014E65 /* Base */,
			);
			name = LaunchScreen.storyboard;
			sourceTree = "<group>";
		};
/* End PBXVariantGroup section */

/* Begin XCBuildConfiguration section */
		BA66410520AD21D800014E65 /* Debug */ = {
			isa = XCBuildConfiguration;
			buildSettings = {
				ALWAYS_SEARCH_USER_PATHS = NO;
				CLANG_ANALYZER_NONNULL = YES;
				CLANG_ANALYZER_NUMBER_OBJECT_CONVERSION = YES_AGGRESSIVE;
				CLANG_CXX_LANGUAGE_STANDARD = "gnu++14";
				CLANG_CXX_LIBRARY = "libc++";
				CLANG_ENABLE_MODULES = YES;
				CLANG_ENABLE_OBJC_ARC = YES;
				CLANG_ENABLE_OBJC_WEAK = YES;
				CLANG_WARN_BLOCK_CAPTURE_AUTORELEASING = YES;
				CLANG_WARN_BOOL_CONVERSION = YES;
				CLANG_WARN_COMMA = YES;
				CLANG_WARN_CONSTANT_CONVERSION = YES;
				CLANG_WARN_DEPRECATED_OBJC_IMPLEMENTATIONS = YES;
				CLANG_WARN_DIRECT_OBJC_ISA_USAGE = YES_ERROR;
				CLANG_WARN_DOCUMENTATION_COMMENTS = YES;
				CLANG_WARN_EMPTY_BODY = YES;
				CLANG_WARN_ENUM_CONVERSION = YES;
				CLANG_WARN_INFINITE_RECURSION = YES;
				CLANG_WARN_INT_CONVERSION = YES;
				CLANG_WARN_NON_LITERAL_NULL_CONVERSION = YES;
				CLANG_WARN_OBJC_IMPLICIT_RETAIN_SELF = YES;
				CLANG_WARN_OBJC_LITERAL_CONVERSION = YES;
				CLANG_WARN_OBJC_ROOT_CLASS = YES_ERROR;
				CLANG_WARN_RANGE_LOOP_ANALYSIS = YES;
				CLANG_WARN_STRICT_PROTOTYPES = YES;
				CLANG_WARN_SUSPICIOUS_MOVE = YES;
				CLANG_WARN_UNGUARDED_AVAILABILITY = YES_AGGRESSIVE;
				CLANG_WARN_UNREACHABLE_CODE = YES;
				CLANG_WARN__DUPLICATE_METHOD_MATCH = YES;
				CODE_SIGN_IDENTITY = "iPhone Developer";
				COPY_PHASE_STRIP = NO;
				DEBUG_INFORMATION_FORMAT = dwarf;
				ENABLE_STRICT_OBJC_MSGSEND = YES;
				ENABLE_TESTABILITY = YES;
				GCC_C_LANGUAGE_STANDARD = gnu11;
				GCC_DYNAMIC_NO_PIC = NO;
				GCC_NO_COMMON_BLOCKS = YES;
				GCC_OPTIMIZATION_LEVEL = 0;
				GCC_PREPROCESSOR_DEFINITIONS = (
					"DEBUG=1",
					"$(inherited)",
				);
				GCC_WARN_64_TO_32_BIT_CONVERSION = YES;
				GCC_WARN_ABOUT_RETURN_TYPE = YES_ERROR;
				GCC_WARN_UNDECLARED_SELECTOR = YES;
				GCC_WARN_UNINITIALIZED_AUTOS = YES_AGGRESSIVE;
				GCC_WARN_UNUSED_FUNCTION = YES;
				GCC_WARN_UNUSED_VARIABLE = YES;
				IPHONEOS_DEPLOYMENT_TARGET = 11.3;
				MTL_ENABLE_DEBUG_INFO = YES;
				ONLY_ACTIVE_ARCH = YES;
				SDKROOT = iphoneos;
				SWIFT_ACTIVE_COMPILATION_CONDITIONS = DEBUG;
				SWIFT_OPTIMIZATION_LEVEL = "-Onone";
			};
			name = Debug;
		};
		BA66410620AD21D800014E65 /* Release */ = {
			isa = XCBuildConfiguration;
			buildSettings = {
				ALWAYS_SEARCH_USER_PATHS = NO;
				CLANG_ANALYZER_NONNULL = YES;
				CLANG_ANALYZER_NUMBER_OBJECT_CONVERSION = YES_AGGRESSIVE;
				CLANG_CXX_LANGUAGE_STANDARD = "gnu++14";
				CLANG_CXX_LIBRARY = "libc++";
				CLANG_ENABLE_MODULES = YES;
				CLANG_ENABLE_OBJC_ARC = YES;
				CLANG_ENABLE_OBJC_WEAK = YES;
				CLANG_WARN_BLOCK_CAPTURE_AUTORELEASING = YES;
				CLANG_WARN_BOOL_CONVERSION = YES;
				CLANG_WARN_COMMA = YES;
				CLANG_WARN_CONSTANT_CONVERSION = YES;
				CLANG_WARN_DEPRECATED_OBJC_IMPLEMENTATIONS = YES;
				CLANG_WARN_DIRECT_OBJC_ISA_USAGE = YES_ERROR;
				CLANG_WARN_DOCUMENTATION_COMMENTS = YES;
				CLANG_WARN_EMPTY_BODY = YES;
				CLANG_WARN_ENUM_CONVERSION = YES;
				CLANG_WARN_INFINITE_RECURSION = YES;
				CLANG_WARN_INT_CONVERSION = YES;
				CLANG_WARN_NON_LITERAL_NULL_CONVERSION = YES;
				CLANG_WARN_OBJC_IMPLICIT_RETAIN_SELF = YES;
				CLANG_WARN_OBJC_LITERAL_CONVERSION = YES;
				CLANG_WARN_OBJC_ROOT_CLASS = YES_ERROR;
				CLANG_WARN_RANGE_LOOP_ANALYSIS = YES;
				CLANG_WARN_STRICT_PROTOTYPES = YES;
				CLANG_WARN_SUSPICIOUS_MOVE = YES;
				CLANG_WARN_UNGUARDED_AVAILABILITY = YES_AGGRESSIVE;
				CLANG_WARN_UNREACHABLE_CODE = YES;
				CLANG_WARN__DUPLICATE_METHOD_MATCH = YES;
				CODE_SIGN_IDENTITY = "iPhone Developer";
				COPY_PHASE_STRIP = NO;
				DEBUG_INFORMATION_FORMAT = "dwarf-with-dsym";
				ENABLE_NS_ASSERTIONS = NO;
				ENABLE_STRICT_OBJC_MSGSEND = YES;
				GCC_C_LANGUAGE_STANDARD = gnu11;
				GCC_NO_COMMON_BLOCKS = YES;
				GCC_WARN_64_TO_32_BIT_CONVERSION = YES;
				GCC_WARN_ABOUT_RETURN_TYPE = YES_ERROR;
				GCC_WARN_UNDECLARED_SELECTOR = YES;
				GCC_WARN_UNINITIALIZED_AUTOS = YES_AGGRESSIVE;
				GCC_WARN_UNUSED_FUNCTION = YES;
				GCC_WARN_UNUSED_VARIABLE = YES;
				IPHONEOS_DEPLOYMENT_TARGET = 11.3;
				MTL_ENABLE_DEBUG_INFO = NO;
				SDKROOT = iphoneos;
				SWIFT_COMPILATION_MODE = wholemodule;
				SWIFT_OPTIMIZATION_LEVEL = "-O";
				VALIDATE_PRODUCT = YES;
			};
			name = Release;
		};
		BA66410820AD21D800014E65 /* Debug */ = {
			isa = XCBuildConfiguration;
			baseConfigurationReference = B45C7E9CFEC62DCE3A77347E /* Pods-ImagesGH.debug.xcconfig */;
			buildSettings = {
				ASSETCATALOG_COMPILER_APPICON_NAME = AppIcon;
				CODE_SIGN_STYLE = Automatic;
				DEVELOPMENT_TEAM = 8QZ3AKVY8Z;
				INFOPLIST_FILE = ImagesGH/Info.plist;
				LD_RUNPATH_SEARCH_PATHS = (
					"$(inherited)",
					"@executable_path/Frameworks",
				);
				PRODUCT_BUNDLE_IDENTIFIER = grk.ImagesGH;
				PRODUCT_NAME = "$(TARGET_NAME)";
				SWIFT_VERSION = 4.0;
				TARGETED_DEVICE_FAMILY = "1,2";
			};
			name = Debug;
		};
		BA66410920AD21D800014E65 /* Release */ = {
			isa = XCBuildConfiguration;
			baseConfigurationReference = 8A18149D161A883561E12601 /* Pods-ImagesGH.release.xcconfig */;
			buildSettings = {
				ASSETCATALOG_COMPILER_APPICON_NAME = AppIcon;
				CODE_SIGN_STYLE = Automatic;
				DEVELOPMENT_TEAM = 8QZ3AKVY8Z;
				INFOPLIST_FILE = ImagesGH/Info.plist;
				LD_RUNPATH_SEARCH_PATHS = (
					"$(inherited)",
					"@executable_path/Frameworks",
				);
				PRODUCT_BUNDLE_IDENTIFIER = grk.ImagesGH;
				PRODUCT_NAME = "$(TARGET_NAME)";
				SWIFT_VERSION = 4.0;
				TARGETED_DEVICE_FAMILY = "1,2";
			};
			name = Release;
		};
/* End XCBuildConfiguration section */

/* Begin XCConfigurationList section */
		BA6640F020AD21D700014E65 /* Build configuration list for PBXProject "ImagesGH" */ = {
			isa = XCConfigurationList;
			buildConfigurations = (
				BA66410520AD21D800014E65 /* Debug */,
				BA66410620AD21D800014E65 /* Release */,
			);
			defaultConfigurationIsVisible = 0;
			defaultConfigurationName = Release;
		};
		BA66410720AD21D800014E65 /* Build configuration list for PBXNativeTarget "ImagesGH" */ = {
			isa = XCConfigurationList;
			buildConfigurations = (
				BA66410820AD21D800014E65 /* Debug */,
				BA66410920AD21D800014E65 /* Release */,
			);
			defaultConfigurationIsVisible = 0;
			defaultConfigurationName = Release;
		};
/* End XCConfigurationList section */
	};
	rootObject = BA6640ED20AD21D700014E65 /* Project object */;
}
